
Microsoft Visual Studio Solution File, Format Version 12.00
# Visual Studio Version 16
VisualStudioVersion = 16.0.31005.135
MinimumVisualStudioVersion = 10.0.40219.1
Project("{2150E333-8FDC-42A3-9474-1A3956D46DE8}") = "Implementation", "Implementation", "{36187A2E-D284-4250-9AC0-F48A06F30DD6}"
EndProject
Project("{2150E333-8FDC-42A3-9474-1A3956D46DE8}") = "Infrastructure", "Infrastructure", "{E85B3034-9E0E-4D02-AF3B-2194D628B02C}"
EndProject
Project("{2150E333-8FDC-42A3-9474-1A3956D46DE8}") = "UI", "UI", "{5AF380F5-FF16-4D1E-AA0E-264651B72055}"
EndProject
Project("{2150E333-8FDC-42A3-9474-1A3956D46DE8}") = "Web", "Web", "{E22A527D-9F56-453B-90B1-763F5A34563B}"
EndProject
Project("{2150E333-8FDC-42A3-9474-1A3956D46DE8}") = "Office", "Office", "{19B7E958-EEBC-4952-8B73-E6671AAE8384}"
EndProject
Project("{2150E333-8FDC-42A3-9474-1A3956D46DE8}") = "Word", "Word", "{911E1F95-485C-4D53-B757-F8C73C7DDBEE}"
EndProject
Project("{FAE04EC0-301F-11D3-BF4B-00C04F79EFBC}") = "WordAddIn_Project", "WordAddIn_Project\WordAddIn_Project.csproj", "{B888192D-4539-4BF6-8593-8C16745EBADD}"
EndProject
Global
	GlobalSection(SolutionConfigurationPlatforms) = preSolution
		Debug|Any CPU = Debug|Any CPU
		Release|Any CPU = Release|Any CPU
	EndGlobalSection
	GlobalSection(ProjectConfigurationPlatforms) = postSolution
		{B888192D-4539-4BF6-8593-8C16745EBADD}.Debug|Any CPU.ActiveCfg = Debug|Any CPU
		{B888192D-4539-4BF6-8593-8C16745EBADD}.Debug|Any CPU.Build.0 = Debug|Any CPU
		{B888192D-4539-4BF6-8593-8C16745EBADD}.Release|Any CPU.ActiveCfg = Release|Any CPU
		{B888192D-4539-4BF6-8593-8C16745EBADD}.Release|Any CPU.Build.0 = Release|Any CPU
	EndGlobalSection
	GlobalSection(SolutionProperties) = preSolution
		HideSolutionNode = FALSE
	EndGlobalSection
	GlobalSection(NestedProjects) = preSolution
		{19B7E958-EEBC-4952-8B73-E6671AAE8384} = {36187A2E-D284-4250-9AC0-F48A06F30DD6}
		{911E1F95-485C-4D53-B757-F8C73C7DDBEE} = {19B7E958-EEBC-4952-8B73-E6671AAE8384}
		{B888192D-4539-4BF6-8593-8C16745EBADD} = {911E1F95-485C-4D53-B757-F8C73C7DDBEE}
	EndGlobalSection
	GlobalSection(ExtensibilityGlobals) = postSolution
		SolutionGuid = {14EBDBBF-9BEC-4796-882C-26E9EDCBD641}
	EndGlobalSection
EndGlobal
